
Microsoft Visual Studio Solution File, Format Version 12.00
# Visual Studio Version 17
VisualStudioVersion = 17.9.34526.213
MinimumVisualStudioVersion = 10.0.40219.1
Project("{FAE04EC0-301F-11D3-BF4B-00C04F79EFBC}") = "tarea No.3 Ejercicio 4", "tarea No.3 Ejercicio 4\tarea No.3 Ejercicio 4.csproj", "{EA906410-940F-4A1B-8264-B2EDA0C4F013}"
EndProject
Global
	GlobalSection(SolutionConfigurationPlatforms) = preSolution
		Debug|Any CPU = Debug|Any CPU
		Release|Any CPU = Release|Any CPU
	EndGlobalSection
	GlobalSection(ProjectConfigurationPlatforms) = postSolution
		{EA906410-940F-4A1B-8264-B2EDA0C4F013}.Debug|Any CPU.ActiveCfg = Debug|Any CPU
		{EA906410-940F-4A1B-8264-B2EDA0C4F013}.Debug|Any CPU.Build.0 = Debug|Any CPU
		{EA906410-940F-4A1B-8264-B2EDA0C4F013}.Release|Any CPU.ActiveCfg = Release|Any CPU
		{EA906410-940F-4A1B-8264-B2EDA0C4F013}.Release|Any CPU.Build.0 = Release|Any CPU
	EndGlobalSection
	GlobalSection(SolutionProperties) = preSolution
		HideSolutionNode = FALSE
	EndGlobalSection
	GlobalSection(ExtensibilityGlobals) = postSolution
		SolutionGuid = {6CF93786-10E3-46AA-805E-08E8E139DC0C}
	EndGlobalSection
EndGlobal
