
Microsoft Visual Studio Solution File, Format Version 12.00
# Visual Studio Version 17
VisualStudioVersion = 17.9.34526.213
MinimumVisualStudioVersion = 10.0.40219.1
Project("{FAE04EC0-301F-11D3-BF4B-00C04F79EFBC}") = "Semana7.0Desafio3", "Semana7.0Desafio3\Semana7.0Desafio3.csproj", "{B5ADCA31-C8B1-4F3E-95DD-E7FACC301636}"
EndProject
Global
	GlobalSection(SolutionConfigurationPlatforms) = preSolution
		Debug|Any CPU = Debug|Any CPU
		Release|Any CPU = Release|Any CPU
	EndGlobalSection
	GlobalSection(ProjectConfigurationPlatforms) = postSolution
		{B5ADCA31-C8B1-4F3E-95DD-E7FACC301636}.Debug|Any CPU.ActiveCfg = Debug|Any CPU
		{B5ADCA31-C8B1-4F3E-95DD-E7FACC301636}.Debug|Any CPU.Build.0 = Debug|Any CPU
		{B5ADCA31-C8B1-4F3E-95DD-E7FACC301636}.Release|Any CPU.ActiveCfg = Release|Any CPU
		{B5ADCA31-C8B1-4F3E-95DD-E7FACC301636}.Release|Any CPU.Build.0 = Release|Any CPU
	EndGlobalSection
	GlobalSection(SolutionProperties) = preSolution
		HideSolutionNode = FALSE
	EndGlobalSection
	GlobalSection(ExtensibilityGlobals) = postSolution
		SolutionGuid = {DED70CC2-E973-4BFD-B607-B83317B5E0AC}
	EndGlobalSection
EndGlobal
