
Microsoft Visual Studio Solution File, Format Version 12.00
# Visual Studio Version 17
VisualStudioVersion = 17.9.34526.213
MinimumVisualStudioVersion = 10.0.40219.1
Project("{FAE04EC0-301F-11D3-BF4B-00C04F79EFBC}") = "Totito", "Totito\Totito.csproj", "{EB9B7846-9D94-4249-96EC-948A9CB1E443}"
EndProject
Global
	GlobalSection(SolutionConfigurationPlatforms) = preSolution
		Debug|Any CPU = Debug|Any CPU
		Release|Any CPU = Release|Any CPU
	EndGlobalSection
	GlobalSection(ProjectConfigurationPlatforms) = postSolution
		{EB9B7846-9D94-4249-96EC-948A9CB1E443}.Debug|Any CPU.ActiveCfg = Debug|Any CPU
		{EB9B7846-9D94-4249-96EC-948A9CB1E443}.Debug|Any CPU.Build.0 = Debug|Any CPU
		{EB9B7846-9D94-4249-96EC-948A9CB1E443}.Release|Any CPU.ActiveCfg = Release|Any CPU
		{EB9B7846-9D94-4249-96EC-948A9CB1E443}.Release|Any CPU.Build.0 = Release|Any CPU
	EndGlobalSection
	GlobalSection(SolutionProperties) = preSolution
		HideSolutionNode = FALSE
	EndGlobalSection
	GlobalSection(ExtensibilityGlobals) = postSolution
		SolutionGuid = {1974CBC9-CA32-4207-9D27-010A0CBB0AC9}
	EndGlobalSection
EndGlobal
