
Microsoft Visual Studio Solution File, Format Version 12.00
# Visual Studio Version 17
VisualStudioVersion = 17.9.34526.213
MinimumVisualStudioVersion = 10.0.40219.1
Project("{FAE04EC0-301F-11D3-BF4B-00C04F79EFBC}") = "FinalSerie2", "FinalSerie2\FinalSerie2.csproj", "{1FD261C1-EF80-4EAE-807D-6E88367BFB2C}"
EndProject
Global
	GlobalSection(SolutionConfigurationPlatforms) = preSolution
		Debug|Any CPU = Debug|Any CPU
		Release|Any CPU = Release|Any CPU
	EndGlobalSection
	GlobalSection(ProjectConfigurationPlatforms) = postSolution
		{1FD261C1-EF80-4EAE-807D-6E88367BFB2C}.Debug|Any CPU.ActiveCfg = Debug|Any CPU
		{1FD261C1-EF80-4EAE-807D-6E88367BFB2C}.Debug|Any CPU.Build.0 = Debug|Any CPU
		{1FD261C1-EF80-4EAE-807D-6E88367BFB2C}.Release|Any CPU.ActiveCfg = Release|Any CPU
		{1FD261C1-EF80-4EAE-807D-6E88367BFB2C}.Release|Any CPU.Build.0 = Release|Any CPU
	EndGlobalSection
	GlobalSection(SolutionProperties) = preSolution
		HideSolutionNode = FALSE
	EndGlobalSection
	GlobalSection(ExtensibilityGlobals) = postSolution
		SolutionGuid = {ADF54DD7-0206-4F8A-A9BD-FF82A4A93A7A}
	EndGlobalSection
EndGlobal
