
Microsoft Visual Studio Solution File, Format Version 12.00
# Visual Studio Version 17
VisualStudioVersion = 17.9.34526.213
MinimumVisualStudioVersion = 10.0.40219.1
Project("{FAE04EC0-301F-11D3-BF4B-00C04F79EFBC}") = "Semana7Desafio2", "Semana7Desafio2\Semana7Desafio2.csproj", "{E5E7BC72-4DC7-4654-9A9D-62DD270FC198}"
EndProject
Global
	GlobalSection(SolutionConfigurationPlatforms) = preSolution
		Debug|Any CPU = Debug|Any CPU
		Release|Any CPU = Release|Any CPU
	EndGlobalSection
	GlobalSection(ProjectConfigurationPlatforms) = postSolution
		{E5E7BC72-4DC7-4654-9A9D-62DD270FC198}.Debug|Any CPU.ActiveCfg = Debug|Any CPU
		{E5E7BC72-4DC7-4654-9A9D-62DD270FC198}.Debug|Any CPU.Build.0 = Debug|Any CPU
		{E5E7BC72-4DC7-4654-9A9D-62DD270FC198}.Release|Any CPU.ActiveCfg = Release|Any CPU
		{E5E7BC72-4DC7-4654-9A9D-62DD270FC198}.Release|Any CPU.Build.0 = Release|Any CPU
	EndGlobalSection
	GlobalSection(SolutionProperties) = preSolution
		HideSolutionNode = FALSE
	EndGlobalSection
	GlobalSection(ExtensibilityGlobals) = postSolution
		SolutionGuid = {63B87E41-0FC4-4023-99AC-348197F39A56}
	EndGlobalSection
EndGlobal
