
Microsoft Visual Studio Solution File, Format Version 12.00
# Visual Studio Version 17
VisualStudioVersion = 17.9.34526.213
MinimumVisualStudioVersion = 10.0.40219.1
Project("{FAE04EC0-301F-11D3-BF4B-00C04F79EFBC}") = "Extras", "Extras\Extras.csproj", "{332B8AD9-27CC-409E-A3BF-84E8F07D2C90}"
EndProject
Global
	GlobalSection(SolutionConfigurationPlatforms) = preSolution
		Debug|Any CPU = Debug|Any CPU
		Release|Any CPU = Release|Any CPU
	EndGlobalSection
	GlobalSection(ProjectConfigurationPlatforms) = postSolution
		{332B8AD9-27CC-409E-A3BF-84E8F07D2C90}.Debug|Any CPU.ActiveCfg = Debug|Any CPU
		{332B8AD9-27CC-409E-A3BF-84E8F07D2C90}.Debug|Any CPU.Build.0 = Debug|Any CPU
		{332B8AD9-27CC-409E-A3BF-84E8F07D2C90}.Release|Any CPU.ActiveCfg = Release|Any CPU
		{332B8AD9-27CC-409E-A3BF-84E8F07D2C90}.Release|Any CPU.Build.0 = Release|Any CPU
	EndGlobalSection
	GlobalSection(SolutionProperties) = preSolution
		HideSolutionNode = FALSE
	EndGlobalSection
	GlobalSection(ExtensibilityGlobals) = postSolution
		SolutionGuid = {A1449EFE-C98E-4628-B057-7F17C00D986E}
	EndGlobalSection
EndGlobal
